# This file is automatically @generated by Poetry 1.4.2 and should not be changed by hand.

[[package]]
name = "pyodide"
version = "0.0.2"
description = "Python with the scientific stack, compiled to WebAssembly."
category = "main"
optional = false
python-versions = ">=3.9"
files = [
    {file = "pyodide-0.0.2.tar.gz", hash = "sha256:ca79db85c1ce8ebfde2f6b44d294e9dc9ccbb89b59304a68f26e75da7ddfb673"},
]

[metadata]
lock-version = "2.0"
python-versions = "^3.9"
content-hash = "74f09feefb44d40d3f5d598e81e4a2b1c442abdf15d73fdd913b4977be50a0a4"
